
Microsoft Visual Studio Solution File, Format Version 12.00
# Visual Studio Version 17
VisualStudioVersion = 17.0.31512.422
MinimumVisualStudioVersion = 10.0.40219.1
Project("{2150E333-8FDC-42A3-9474-1A3956D46DE8}") = "Core", "Core", "{3754B119-31E4-4761-909D-C50A4CFF101F}"
EndProject
Project("{2150E333-8FDC-42A3-9474-1A3956D46DE8}") = "Infrastructure", "Infrastructure", "{D3E9F1D3-7414-49FD-AFE3-0D7725FDB33B}"
EndProject
Project("{2150E333-8FDC-42A3-9474-1A3956D46DE8}") = "Presentation", "Presentation", "{D115D53C-6EB0-4059-908D-866068BF5BF4}"
EndProject
Project("{9A19103F-16F7-4668-BE54-9A1E7A4F7556}") = "E-Commerce.Domain", "src\Services\ProductService\Core\E-Commerce.Domain\E-Commerce.Domain.csproj", "{A66E806A-1082-44C6-AF19-AB1876CF5C19}"
EndProject
Project("{9A19103F-16F7-4668-BE54-9A1E7A4F7556}") = "E-Commerce.Persistence", "src\Services\ProductService\Infrastructure\E-Commerce.Persistence\E-Commerce.Persistence.csproj", "{3CC9A25E-6F98-4D6C-9592-7C9CB56EAB17}"
EndProject
Project("{9A19103F-16F7-4668-BE54-9A1E7A4F7556}") = "E-Commerce.Application", "src\Services\ProductService\Core\E-Commerce.Application\E-Commerce.Application.csproj", "{069E3C37-C6AB-4261-8CEA-B522B7243FAC}"
EndProject
Project("{9A19103F-16F7-4668-BE54-9A1E7A4F7556}") = "E-Commerce.Infrastructure", "src\Services\ProductService\Infrastructure\E-Commerce.Infrastructure\E-Commerce.Infrastructure.csproj", "{B050D945-5B88-4B96-99BB-FB19C4C35416}"
EndProject
Project("{9A19103F-16F7-4668-BE54-9A1E7A4F7556}") = "E-Commerce.Api", "src\Services\ProductService\Presentation\E-Commerce.Api\E-Commerce.Api.csproj", "{4F166989-7F01-4E08-9FC9-0D52DDDC56C9}"
EndProject
Project("{9A19103F-16F7-4668-BE54-9A1E7A4F7556}") = "E-Commerce.Web", "src\Clients\Web\E-Commerce.Web\E-Commerce.Web.csproj", "{DB6C2C77-924D-400F-9666-17DD275C6205}"
EndProject
Project("{9A19103F-16F7-4668-BE54-9A1E7A4F7556}") = "E-Commerce.WebGateway", "src\ApiGateways\E-Commerce.WebGateway\E-Commerce.WebGateway.csproj", "{7BA5A0B3-DB29-4206-820E-8301AC05DA8C}"
EndProject
Project("{2150E333-8FDC-42A3-9474-1A3956D46DE8}") = "src", "src", "{F3BBC9D0-0C2E-42E8-BF67-02EB2FF72EF5}"
EndProject
Project("{2150E333-8FDC-42A3-9474-1A3956D46DE8}") = "ApiGateways", "ApiGateways", "{7F9AAF32-D364-442C-8DFD-ADA12AA8FDAD}"
EndProject
Project("{2150E333-8FDC-42A3-9474-1A3956D46DE8}") = "Services", "Services", "{56C7BCBB-A8C2-4574-BD85-FA8185BADD8F}"
EndProject
Project("{2150E333-8FDC-42A3-9474-1A3956D46DE8}") = "Clients", "Clients", "{E1FF5F33-2D18-4870-A747-C7B51A8CC063}"
EndProject
Project("{2150E333-8FDC-42A3-9474-1A3956D46DE8}") = "ProductService", "ProductService", "{AED83FE7-FD4D-4662-A598-B12EC1916896}"
EndProject
Project("{2150E333-8FDC-42A3-9474-1A3956D46DE8}") = "IdentityService", "IdentityService", "{DBC12665-B0AA-4DAA-95AA-B61D6D529069}"
EndProject
Project("{2150E333-8FDC-42A3-9474-1A3956D46DE8}") = "Web", "Web", "{CA5CF2F0-44CB-42B9-B837-5139C76AD674}"
EndProject
Project("{9A19103F-16F7-4668-BE54-9A1E7A4F7556}") = "E-Commerce.AuthServer", "src\Services\IdentityService\E-Commerce.AuthServer\E-Commerce.AuthServer.csproj", "{3F01A4E5-C140-4F06-BA2A-A21518FCAE95}"
EndProject
Project("{2150E333-8FDC-42A3-9474-1A3956D46DE8}") = "Tests", "Tests", "{6B9F24CE-B001-45A3-823D-F49EC5745949}"
EndProject
Project("{FAE04EC0-301F-11D3-BF4B-00C04F79EFBC}") = "E-Commerce.Tests", "src\Tests\E-Commerce.Tests\E-Commerce.Tests.csproj", "{529362A4-E2F9-4F19-A7F1-8F369478A18D}"
EndProject
Global
	GlobalSection(SolutionConfigurationPlatforms) = preSolution
		Debug|Any CPU = Debug|Any CPU
		Release|Any CPU = Release|Any CPU
	EndGlobalSection
	GlobalSection(ProjectConfigurationPlatforms) = postSolution
		{A66E806A-1082-44C6-AF19-AB1876CF5C19}.Debug|Any CPU.ActiveCfg = Debug|Any CPU
		{A66E806A-1082-44C6-AF19-AB1876CF5C19}.Debug|Any CPU.Build.0 = Debug|Any CPU
		{A66E806A-1082-44C6-AF19-AB1876CF5C19}.Release|Any CPU.ActiveCfg = Release|Any CPU
		{A66E806A-1082-44C6-AF19-AB1876CF5C19}.Release|Any CPU.Build.0 = Release|Any CPU
		{3CC9A25E-6F98-4D6C-9592-7C9CB56EAB17}.Debug|Any CPU.ActiveCfg = Debug|Any CPU
		{3CC9A25E-6F98-4D6C-9592-7C9CB56EAB17}.Debug|Any CPU.Build.0 = Debug|Any CPU
		{3CC9A25E-6F98-4D6C-9592-7C9CB56EAB17}.Release|Any CPU.ActiveCfg = Release|Any CPU
		{3CC9A25E-6F98-4D6C-9592-7C9CB56EAB17}.Release|Any CPU.Build.0 = Release|Any CPU
		{069E3C37-C6AB-4261-8CEA-B522B7243FAC}.Debug|Any CPU.ActiveCfg = Debug|Any CPU
		{069E3C37-C6AB-4261-8CEA-B522B7243FAC}.Debug|Any CPU.Build.0 = Debug|Any CPU
		{069E3C37-C6AB-4261-8CEA-B522B7243FAC}.Release|Any CPU.ActiveCfg = Release|Any CPU
		{069E3C37-C6AB-4261-8CEA-B522B7243FAC}.Release|Any CPU.Build.0 = Release|Any CPU
		{B050D945-5B88-4B96-99BB-FB19C4C35416}.Debug|Any CPU.ActiveCfg = Debug|Any CPU
		{B050D945-5B88-4B96-99BB-FB19C4C35416}.Debug|Any CPU.Build.0 = Debug|Any CPU
		{B050D945-5B88-4B96-99BB-FB19C4C35416}.Release|Any CPU.ActiveCfg = Release|Any CPU
		{B050D945-5B88-4B96-99BB-FB19C4C35416}.Release|Any CPU.Build.0 = Release|Any CPU
		{4F166989-7F01-4E08-9FC9-0D52DDDC56C9}.Debug|Any CPU.ActiveCfg = Debug|Any CPU
		{4F166989-7F01-4E08-9FC9-0D52DDDC56C9}.Debug|Any CPU.Build.0 = Debug|Any CPU
		{4F166989-7F01-4E08-9FC9-0D52DDDC56C9}.Release|Any CPU.ActiveCfg = Release|Any CPU
		{4F166989-7F01-4E08-9FC9-0D52DDDC56C9}.Release|Any CPU.Build.0 = Release|Any CPU
		{DB6C2C77-924D-400F-9666-17DD275C6205}.Debug|Any CPU.ActiveCfg = Debug|Any CPU
		{DB6C2C77-924D-400F-9666-17DD275C6205}.Debug|Any CPU.Build.0 = Debug|Any CPU
		{DB6C2C77-924D-400F-9666-17DD275C6205}.Release|Any CPU.ActiveCfg = Release|Any CPU
		{DB6C2C77-924D-400F-9666-17DD275C6205}.Release|Any CPU.Build.0 = Release|Any CPU
		{7BA5A0B3-DB29-4206-820E-8301AC05DA8C}.Debug|Any CPU.ActiveCfg = Debug|Any CPU
		{7BA5A0B3-DB29-4206-820E-8301AC05DA8C}.Debug|Any CPU.Build.0 = Debug|Any CPU
		{7BA5A0B3-DB29-4206-820E-8301AC05DA8C}.Release|Any CPU.ActiveCfg = Release|Any CPU
		{7BA5A0B3-DB29-4206-820E-8301AC05DA8C}.Release|Any CPU.Build.0 = Release|Any CPU
		{3F01A4E5-C140-4F06-BA2A-A21518FCAE95}.Debug|Any CPU.ActiveCfg = Debug|Any CPU
		{3F01A4E5-C140-4F06-BA2A-A21518FCAE95}.Debug|Any CPU.Build.0 = Debug|Any CPU
		{3F01A4E5-C140-4F06-BA2A-A21518FCAE95}.Release|Any CPU.ActiveCfg = Release|Any CPU
		{3F01A4E5-C140-4F06-BA2A-A21518FCAE95}.Release|Any CPU.Build.0 = Release|Any CPU
		{529362A4-E2F9-4F19-A7F1-8F369478A18D}.Debug|Any CPU.ActiveCfg = Debug|Any CPU
		{529362A4-E2F9-4F19-A7F1-8F369478A18D}.Debug|Any CPU.Build.0 = Debug|Any CPU
		{529362A4-E2F9-4F19-A7F1-8F369478A18D}.Release|Any CPU.ActiveCfg = Release|Any CPU
		{529362A4-E2F9-4F19-A7F1-8F369478A18D}.Release|Any CPU.Build.0 = Release|Any CPU
	EndGlobalSection
	GlobalSection(SolutionProperties) = preSolution
		HideSolutionNode = FALSE
	EndGlobalSection
	GlobalSection(NestedProjects) = preSolution
		{3754B119-31E4-4761-909D-C50A4CFF101F} = {AED83FE7-FD4D-4662-A598-B12EC1916896}
		{D3E9F1D3-7414-49FD-AFE3-0D7725FDB33B} = {AED83FE7-FD4D-4662-A598-B12EC1916896}
		{D115D53C-6EB0-4059-908D-866068BF5BF4} = {AED83FE7-FD4D-4662-A598-B12EC1916896}
		{A66E806A-1082-44C6-AF19-AB1876CF5C19} = {3754B119-31E4-4761-909D-C50A4CFF101F}
		{3CC9A25E-6F98-4D6C-9592-7C9CB56EAB17} = {D3E9F1D3-7414-49FD-AFE3-0D7725FDB33B}
		{069E3C37-C6AB-4261-8CEA-B522B7243FAC} = {3754B119-31E4-4761-909D-C50A4CFF101F}
		{B050D945-5B88-4B96-99BB-FB19C4C35416} = {D3E9F1D3-7414-49FD-AFE3-0D7725FDB33B}
		{4F166989-7F01-4E08-9FC9-0D52DDDC56C9} = {D115D53C-6EB0-4059-908D-866068BF5BF4}
		{DB6C2C77-924D-400F-9666-17DD275C6205} = {CA5CF2F0-44CB-42B9-B837-5139C76AD674}
		{7BA5A0B3-DB29-4206-820E-8301AC05DA8C} = {7F9AAF32-D364-442C-8DFD-ADA12AA8FDAD}
		{7F9AAF32-D364-442C-8DFD-ADA12AA8FDAD} = {F3BBC9D0-0C2E-42E8-BF67-02EB2FF72EF5}
		{56C7BCBB-A8C2-4574-BD85-FA8185BADD8F} = {F3BBC9D0-0C2E-42E8-BF67-02EB2FF72EF5}
		{E1FF5F33-2D18-4870-A747-C7B51A8CC063} = {F3BBC9D0-0C2E-42E8-BF67-02EB2FF72EF5}
		{AED83FE7-FD4D-4662-A598-B12EC1916896} = {56C7BCBB-A8C2-4574-BD85-FA8185BADD8F}
		{DBC12665-B0AA-4DAA-95AA-B61D6D529069} = {56C7BCBB-A8C2-4574-BD85-FA8185BADD8F}
		{CA5CF2F0-44CB-42B9-B837-5139C76AD674} = {E1FF5F33-2D18-4870-A747-C7B51A8CC063}
		{3F01A4E5-C140-4F06-BA2A-A21518FCAE95} = {DBC12665-B0AA-4DAA-95AA-B61D6D529069}
		{6B9F24CE-B001-45A3-823D-F49EC5745949} = {F3BBC9D0-0C2E-42E8-BF67-02EB2FF72EF5}
		{529362A4-E2F9-4F19-A7F1-8F369478A18D} = {6B9F24CE-B001-45A3-823D-F49EC5745949}
	EndGlobalSection
	GlobalSection(ExtensibilityGlobals) = postSolution
		SolutionGuid = {0D6E4EB5-4B0A-4C91-9402-D3EC2738AD91}
	EndGlobalSection
EndGlobal
